
Microsoft Visual Studio Solution File, Format Version 12.00
# Visual Studio 14
VisualStudioVersion = 14.0.25420.1
MinimumVisualStudioVersion = 10.0.40219.1
Project("{FAE04EC0-301F-11D3-BF4B-00C04F79EFBC}") = "SmartWork.Common", "SmartWork.Common\SmartWork.Common.csproj", "{30C33F6F-1536-4038-AE41-EA510AF45AF6}"
EndProject
Project("{FAE04EC0-301F-11D3-BF4B-00C04F79EFBC}") = "SmartWork.UI", "SmartWork.UI\SmartWork.UI.csproj", "{1186D5C7-7436-4D91-8533-BDA903EB32C2}"
EndProject
Global
	GlobalSection(SolutionConfigurationPlatforms) = preSolution
		Debug|Any CPU = Debug|Any CPU
		Release|Any CPU = Release|Any CPU
	EndGlobalSection
	GlobalSection(ProjectConfigurationPlatforms) = postSolution
		{30C33F6F-1536-4038-AE41-EA510AF45AF6}.Debug|Any CPU.ActiveCfg = Debug|Any CPU
		{30C33F6F-1536-4038-AE41-EA510AF45AF6}.Debug|Any CPU.Build.0 = Debug|Any CPU
		{30C33F6F-1536-4038-AE41-EA510AF45AF6}.Release|Any CPU.ActiveCfg = Release|Any CPU
		{30C33F6F-1536-4038-AE41-EA510AF45AF6}.Release|Any CPU.Build.0 = Release|Any CPU
		{1186D5C7-7436-4D91-8533-BDA903EB32C2}.Debug|Any CPU.ActiveCfg = Debug|Any CPU
		{1186D5C7-7436-4D91-8533-BDA903EB32C2}.Debug|Any CPU.Build.0 = Debug|Any CPU
		{1186D5C7-7436-4D91-8533-BDA903EB32C2}.Release|Any CPU.ActiveCfg = Release|Any CPU
		{1186D5C7-7436-4D91-8533-BDA903EB32C2}.Release|Any CPU.Build.0 = Release|Any CPU
	EndGlobalSection
	GlobalSection(SolutionProperties) = preSolution
		HideSolutionNode = FALSE
	EndGlobalSection
EndGlobal
